
Microsoft Visual Studio Solution File, Format Version 12.00
# Visual Studio Version 16
VisualStudioVersion = 16.0.30114.105
MinimumVisualStudioVersion = 10.0.40219.1
Project("{FAE04EC0-301F-11D3-BF4B-00C04F79EFBC}") = "R5T.Soludas.Bath", "R5T.Soludas.Bath\R5T.Soludas.Bath.csproj", "{74BA4947-DF42-4235-AFBF-5AD5B45A05A2}"
EndProject
Project("{FAE04EC0-301F-11D3-BF4B-00C04F79EFBC}") = "R5T.Soludas.Bath.Construction", "R5T.Soludas.Bath.Construction\R5T.Soludas.Bath.Construction.csproj", "{30155926-896F-4DB7-94EF-5BACCD817FE5}"
EndProject
Project("{FAE04EC0-301F-11D3-BF4B-00C04F79EFBC}") = "R5T.Soludas.Bath.Testing", "R5T.Soludas.Bath.Testing\R5T.Soludas.Bath.Testing.csproj", "{9195BC3D-A7C7-4BAE-8336-7D02DEABCBB7}"
EndProject
Global
	GlobalSection(SolutionConfigurationPlatforms) = preSolution
		Debug|Any CPU = Debug|Any CPU
		Debug|x64 = Debug|x64
		Debug|x86 = Debug|x86
		Release|Any CPU = Release|Any CPU
		Release|x64 = Release|x64
		Release|x86 = Release|x86
	EndGlobalSection
	GlobalSection(SolutionProperties) = preSolution
		HideSolutionNode = FALSE
	EndGlobalSection
	GlobalSection(ProjectConfigurationPlatforms) = postSolution
		{74BA4947-DF42-4235-AFBF-5AD5B45A05A2}.Debug|Any CPU.ActiveCfg = Debug|Any CPU
		{74BA4947-DF42-4235-AFBF-5AD5B45A05A2}.Debug|Any CPU.Build.0 = Debug|Any CPU
		{74BA4947-DF42-4235-AFBF-5AD5B45A05A2}.Debug|x64.ActiveCfg = Debug|Any CPU
		{74BA4947-DF42-4235-AFBF-5AD5B45A05A2}.Debug|x64.Build.0 = Debug|Any CPU
		{74BA4947-DF42-4235-AFBF-5AD5B45A05A2}.Debug|x86.ActiveCfg = Debug|Any CPU
		{74BA4947-DF42-4235-AFBF-5AD5B45A05A2}.Debug|x86.Build.0 = Debug|Any CPU
		{74BA4947-DF42-4235-AFBF-5AD5B45A05A2}.Release|Any CPU.ActiveCfg = Release|Any CPU
		{74BA4947-DF42-4235-AFBF-5AD5B45A05A2}.Release|Any CPU.Build.0 = Release|Any CPU
		{74BA4947-DF42-4235-AFBF-5AD5B45A05A2}.Release|x64.ActiveCfg = Release|Any CPU
		{74BA4947-DF42-4235-AFBF-5AD5B45A05A2}.Release|x64.Build.0 = Release|Any CPU
		{74BA4947-DF42-4235-AFBF-5AD5B45A05A2}.Release|x86.ActiveCfg = Release|Any CPU
		{74BA4947-DF42-4235-AFBF-5AD5B45A05A2}.Release|x86.Build.0 = Release|Any CPU
		{30155926-896F-4DB7-94EF-5BACCD817FE5}.Debug|Any CPU.ActiveCfg = Debug|Any CPU
		{30155926-896F-4DB7-94EF-5BACCD817FE5}.Debug|Any CPU.Build.0 = Debug|Any CPU
		{30155926-896F-4DB7-94EF-5BACCD817FE5}.Debug|x64.ActiveCfg = Debug|Any CPU
		{30155926-896F-4DB7-94EF-5BACCD817FE5}.Debug|x64.Build.0 = Debug|Any CPU
		{30155926-896F-4DB7-94EF-5BACCD817FE5}.Debug|x86.ActiveCfg = Debug|Any CPU
		{30155926-896F-4DB7-94EF-5BACCD817FE5}.Debug|x86.Build.0 = Debug|Any CPU
		{30155926-896F-4DB7-94EF-5BACCD817FE5}.Release|Any CPU.ActiveCfg = Release|Any CPU
		{30155926-896F-4DB7-94EF-5BACCD817FE5}.Release|Any CPU.Build.0 = Release|Any CPU
		{30155926-896F-4DB7-94EF-5BACCD817FE5}.Release|x64.ActiveCfg = Release|Any CPU
		{30155926-896F-4DB7-94EF-5BACCD817FE5}.Release|x64.Build.0 = Release|Any CPU
		{30155926-896F-4DB7-94EF-5BACCD817FE5}.Release|x86.ActiveCfg = Release|Any CPU
		{30155926-896F-4DB7-94EF-5BACCD817FE5}.Release|x86.Build.0 = Release|Any CPU
		{9195BC3D-A7C7-4BAE-8336-7D02DEABCBB7}.Debug|Any CPU.ActiveCfg = Debug|Any CPU
		{9195BC3D-A7C7-4BAE-8336-7D02DEABCBB7}.Debug|Any CPU.Build.0 = Debug|Any CPU
		{9195BC3D-A7C7-4BAE-8336-7D02DEABCBB7}.Debug|x64.ActiveCfg = Debug|Any CPU
		{9195BC3D-A7C7-4BAE-8336-7D02DEABCBB7}.Debug|x64.Build.0 = Debug|Any CPU
		{9195BC3D-A7C7-4BAE-8336-7D02DEABCBB7}.Debug|x86.ActiveCfg = Debug|Any CPU
		{9195BC3D-A7C7-4BAE-8336-7D02DEABCBB7}.Debug|x86.Build.0 = Debug|Any CPU
		{9195BC3D-A7C7-4BAE-8336-7D02DEABCBB7}.Release|Any CPU.ActiveCfg = Release|Any CPU
		{9195BC3D-A7C7-4BAE-8336-7D02DEABCBB7}.Release|Any CPU.Build.0 = Release|Any CPU
		{9195BC3D-A7C7-4BAE-8336-7D02DEABCBB7}.Release|x64.ActiveCfg = Release|Any CPU
		{9195BC3D-A7C7-4BAE-8336-7D02DEABCBB7}.Release|x64.Build.0 = Release|Any CPU
		{9195BC3D-A7C7-4BAE-8336-7D02DEABCBB7}.Release|x86.ActiveCfg = Release|Any CPU
		{9195BC3D-A7C7-4BAE-8336-7D02DEABCBB7}.Release|x86.Build.0 = Release|Any CPU
	EndGlobalSection
EndGlobal
